
Microsoft Visual Studio Solution File, Format Version 10.00
# Visual C++ Express 2008
Project("{8BC9CEB8-8B4A-11D0-8D11-00A0C91BC942}") = "gd_dx9", "gd_dx9.vcproj", "{D74FFB91-D082-4D3D-AA06-7919A5F7459D}"
EndProject
Global
	GlobalSection(SolutionConfigurationPlatforms) = preSolution
		Debug|Win32 = Debug|Win32
		Release|Win32 = Release|Win32
	EndGlobalSection
	GlobalSection(ProjectConfigurationPlatforms) = postSolution
		{D74FFB91-D082-4D3D-AA06-7919A5F7459D}.Debug|Win32.ActiveCfg = Debug|Win32
		{D74FFB91-D082-4D3D-AA06-7919A5F7459D}.Debug|Win32.Build.0 = Debug|Win32
		{D74FFB91-D082-4D3D-AA06-7919A5F7459D}.Release|Win32.ActiveCfg = Release|Win32
		{D74FFB91-D082-4D3D-AA06-7919A5F7459D}.Release|Win32.Build.0 = Release|Win32
	EndGlobalSection
	GlobalSection(SolutionProperties) = preSolution
		HideSolutionNode = FALSE
	EndGlobalSection
EndGlobal
